{
  "nodes": {
    "flake-compat": {
      "flake": false,
      "locked": {
        "lastModified": 1696426674,
        "narHash": "sha256-kvjfFW7WAETZlt09AgDn1MrtKzP7t90Vf7vypd3OL1U=",
        "owner": "edolstra",
        "repo": "flake-compat",
        "rev": "0f9255e01c2351cc7d116c072cb317785dd33b33",
        "type": "github"
      },
      "original": {
        "owner": "edolstra",
        "repo": "flake-compat",
        "type": "github"
      }
    },
    "home-manager": {
      "inputs": {
        "nixpkgs": [
          "nixpkgs"
        ]
      },
      "locked": {
        "lastModified": 1726989464,
        "narHash": "sha256-Vl+WVTJwutXkimwGprnEtXc/s/s8sMuXzqXaspIGlwM=",
        "owner": "nix-community",
        "repo": "home-manager",
        "rev": "2f23fa308a7c067e52dfcc30a0758f47043ec176",
        "type": "github"
      },
      "original": {
        "owner": "nix-community",
        "ref": "release-24.05",
        "repo": "home-manager",
        "type": "github"
      }
    },
    "libnbtplusplus": {
      "flake": false,
      "locked": {
        "lastModified": 1650031308,
        "narHash": "sha256-TvVOjkUobYJD9itQYueELJX3wmecvEdCbJ0FinW2mL4=",
        "owner": "PolyMC",
        "repo": "libnbtplusplus",
        "rev": "2203af7eeb48c45398139b583615134efd8d407f",
        "type": "github"
      },
      "original": {
        "owner": "PolyMC",
        "repo": "libnbtplusplus",
        "type": "github"
      }
    },
    "nixpkgs": {
      "locked": {
        "lastModified": 1728193676,
        "narHash": "sha256-PbDWAIjKJdlVg+qQRhzdSor04bAPApDqIv2DofTyynk=",
        "owner": "nixos",
        "repo": "nixpkgs",
        "rev": "ecbc1ca8ffd6aea8372ad16be9ebbb39889e55b6",
        "type": "github"
      },
      "original": {
        "owner": "nixos",
        "ref": "nixos-24.05",
        "repo": "nixpkgs",
        "type": "github"
      }
    },
    "nixpkgs-unstable": {
      "locked": {
        "lastModified": 1728492678,
        "narHash": "sha256-9UTxR8eukdg+XZeHgxW5hQA9fIKHsKCdOIUycTryeVw=",
        "owner": "nixos",
        "repo": "nixpkgs",
        "rev": "5633bcff0c6162b9e4b5f1264264611e950c8ec7",
        "type": "github"
      },
      "original": {
        "owner": "nixos",
        "ref": "nixos-unstable",
        "repo": "nixpkgs",
        "type": "github"
      }
    },
    "nixpkgs_2": {
      "locked": {
        "lastModified": 1722141560,
        "narHash": "sha256-Ul3rIdesWaiW56PS/Ak3UlJdkwBrD4UcagCmXZR9Z7Y=",
        "owner": "nixos",
        "repo": "nixpkgs",
        "rev": "038fb464fcfa79b4f08131b07f2d8c9a6bcc4160",
        "type": "github"
      },
      "original": {
        "owner": "nixos",
        "ref": "nixpkgs-unstable",
        "repo": "nixpkgs",
        "type": "github"
      }
    },
    "polymc": {
      "inputs": {
        "flake-compat": "flake-compat",
        "libnbtplusplus": "libnbtplusplus",
        "nixpkgs": "nixpkgs_2",
        "tomlplusplus": "tomlplusplus"
      },
      "locked": {
        "lastModified": 1722368390,
        "narHash": "sha256-kOtsaINqDo9N7FQ5CFtYUZ0cPtk0d4WK6wVfFdTy2eE=",
        "owner": "PolyMC",
        "repo": "PolyMC",
        "rev": "31d165a3b20888ff923bd632e83e9484dd9d2e3c",
        "type": "github"
      },
      "original": {
        "owner": "PolyMC",
        "repo": "PolyMC",
        "type": "github"
      }
    },
    "root": {
      "inputs": {
        "home-manager": "home-manager",
        "nixpkgs": "nixpkgs",
        "nixpkgs-unstable": "nixpkgs-unstable",
        "polymc": "polymc"
      }
    },
    "tomlplusplus": {
      "flake": false,
      "locked": {
        "lastModified": 1720775063,
        "narHash": "sha256-9j8qNCITFPvKECY5Sjb2Ri5KcPzRrF0e7G2CUemIhBw=",
        "owner": "marzer",
        "repo": "tomlplusplus",
        "rev": "e2bae9d559b4956a831fcef10ac8f01c88cb0d13",
        "type": "github"
      },
      "original": {
        "owner": "marzer",
        "repo": "tomlplusplus",
        "type": "github"
      }
    }
  },
  "root": "root",
  "version": 7
}
